hash: b24b34b6889f4d7f9703e9612c342ed0ead2db46f02dfab31cf4d93fe7561b7f
updated: 2017-11-14T12:59:28.938889898+01:00
imports:
- name: github.com/eternnoir/gncp
  version: c70df2d0cd68bfc27074d632653aed73cdb2b078
- name: github.com/inconshreveable/mousetrap
  version: 76626ae9c91c4f2a10f34cad8ce83ea42c93bb75
- name: github.com/longsleep/go-metrics
  version: c1943bcf904753d1e15df1aece374004792c2ac5
  subpackages:
  - loggedwriter
  - timing
- name: github.com/sirupsen/logrus
  version: f006c2ac4710855cf0f916dd6b77acf6b048dc6e
- name: github.com/spf13/cobra
  version: 7b2c5ac9fc04fc5efafb60700713d4fa609b777b
- name: github.com/spf13/pflag
  version: e57e3eeb33f795204c1ca35f56c44f83227c6e66
- name: golang.org/x/crypto
  version: dd85ac7e6a88fc6ca420478e934de5f1a42dd3c6
  subpackages:
  - ssh/terminal
- name: golang.org/x/sys
  version: 833a04a10549a95dc34458c195cbad61bbb6cb4d
  subpackages:
  - unix
testImports: []
