# This file is autogenerated, do not edit; changes may be undone by the next 'dep ensure'.


[[projects]]
  branch = "master"
  digest = "1:c31e0d7c32e694b3f85d17139dafef4020498e68ef11347ddb906cf01eaa669f"
  name = "github.com/eternnoir/gncp"
  packages = ["."]
  pruneopts = "UT"
  revision = "c70df2d0cd68bfc27074d632653aed73cdb2b078"

[[projects]]
  digest = "1:870d441fe217b8e689d7949fef6e43efbc787e50f200cb1e70dbca9204a1d6be"
  name = "github.com/inconshreveable/mousetrap"
  packages = ["."]
  pruneopts = "UT"
  revision = "76626ae9c91c4f2a10f34cad8ce83ea42c93bb75"
  version = "v1.0"

[[projects]]
  digest = "1:622f0825ed1efb077f6a1568588b6bd46986a8213318f08402f5de12ed122df0"
  name = "github.com/longsleep/go-metrics"
  packages = [
    "loggedwriter",
    "timing",
  ]
  pruneopts = "UT"
  revision = "c1943bcf904753d1e15df1aece374004792c2ac5"

[[projects]]
  digest = "1:5f2aaa360f48d1711795bd88c7e45a38f86cf81e4bc01453d20983baa67e2d51"
  name = "github.com/sirupsen/logrus"
  packages = ["."]
  pruneopts = "UT"
  revision = "f006c2ac4710855cf0f916dd6b77acf6b048dc6e"
  version = "v1.0.3"

[[projects]]
  digest = "1:7ffc0983035bc7e297da3688d9fe19d60a420e9c38bef23f845c53788ed6a05e"
  name = "github.com/spf13/cobra"
  packages = ["."]
  pruneopts = "UT"
  revision = "7b2c5ac9fc04fc5efafb60700713d4fa609b777b"
  version = "v0.0.1"

[[projects]]
  digest = "1:1b21a2b4058a779f290c7341cd93267492e0ecea6c8b54f64a4a5fd7ff131034"
  name = "github.com/spf13/pflag"
  packages = ["."]
  pruneopts = "UT"
  revision = "e57e3eeb33f795204c1ca35f56c44f83227c6e66"
  version = "v1.0.0"

[[projects]]
  digest = "1:144f8e94d2560b69d2b23f74684b3e2dce92feb287f4c39474bdb6936ea3e5d7"
  name = "golang.org/x/crypto"
  packages = ["ssh/terminal"]
  pruneopts = "UT"
  revision = "dd85ac7e6a88fc6ca420478e934de5f1a42dd3c6"

[[projects]]
  digest = "1:9d257aeafc17674a56449ca746be2ad6f5be4cd8047dd0d20a34fa8bafe11b68"
  name = "golang.org/x/sys"
  packages = ["unix"]
  pruneopts = "UT"
  revision = "833a04a10549a95dc34458c195cbad61bbb6cb4d"

[solve-meta]
  analyzer-name = "dep"
  analyzer-version = 1
  input-imports = [
    "github.com/eternnoir/gncp",
    "github.com/longsleep/go-metrics/loggedwriter",
    "github.com/longsleep/go-metrics/timing",
    "github.com/sirupsen/logrus",
    "github.com/spf13/cobra",
  ]
  solver-name = "gps-cdcl"
  solver-version = 1
